{
  "name": "pathfinding",
  "version": "1.0.0",
  "lockfileVersion": 1,
  "requires": true,
  "dependencies": {
    "@datastructures-js/queue": {
      "version": "4.2.1",
      "resolved": "https://registry.npmjs.org/@datastructures-js/queue/-/queue-4.2.1.tgz",
      "integrity": "sha512-j23SNg1EyUzPhKeW37inqil/+YHwL/IIuaDftrrpqv0OKLJ6N5hhuYtGe33WCm5QppmIvbk5/dMwJ4UW+MzJPw=="
    },
    "@manubb/union-find": {
      "version": "1.0.2",
      "resolved": "https://registry.npmjs.org/@manubb/union-find/-/union-find-1.0.2.tgz",
      "integrity": "sha512-FkfO4oefFeL01Ine9SjrL2ce2rF832KYUXpedMD2JUf1XKbd8oRXJ5ndU/tlprhUo+ndutQbyulX6bpLJf+AQw=="
    }
  }
}
