{
  "name": "pathfinding",
  "version": "1.0.0",
  "lockfileVersion": 1,
  "requires": true,
  "dependencies": {
    "@manubb/union-find": {
      "version": "1.0.2",
      "resolved": "https://registry.npmjs.org/@manubb/union-find/-/union-find-1.0.2.tgz",
      "integrity": "sha512-FkfO4oefFeL01Ine9SjrL2ce2rF832KYUXpedMD2JUf1XKbd8oRXJ5ndU/tlprhUo+ndutQbyulX6bpLJf+AQw=="
    }
  }
}
